github.com/Luzifer/go-openssl/v3 v3.1.0 h1:QqKqo6kYXGGUsvtUoCpRZm8lHw+jDfhbzr36gVj+/gw=
github.com/Luzifer/go-openssl/v3 v3.1.0/go.mod h1:liy3FXuuS8hfDlYh1T+l78AwQ/NjZflJz0NDvjKhwDs=
github.com/davecgh/go-spew v1.1.0/go.mod h1:J7Y8YcW2NihsgmVo/mv3lAwl/skON4iLHjSsI+c5H38=
github.com/forgoer/openssl v0.0.0-20200331032942-ad9f8d57d8b1 h1:KC0gMm3q6pgXwfwMDx36ntHIB/B+ardzsa2SgRcdYdY=
github.com/forgoer/openssl v0.0.0-20200331032942-ad9f8d57d8b1/go.mod h1:NMVFOzYeLVR7UiGTxsa+A21nrERTZ3Rv2JHDPcJpDyI=
github.com/pmezard/go-difflib v1.0.0/go.mod h1:iKH77koFhYxTK1pcRnkKkqfTogsbg7gZNVY4sRDYZ/4=
github.com/stretchr/objx v0.1.0/go.mod h1:HFkY916IF+rwdDfMAkV7OtwuqBVzrE8GR6GFx+wExME=
github.com/stretchr/testify v1.4.0/go.mod h1:j7eGeouHqKxXV5pUuKE4zz7dFj8WfuZ+81PSLYec5m4=
gopkg.in/check.v1 v0.0.0-20161208181325-20d25e280405/go.mod h1:Co6ibVJAznAaIkqp8huTwlJQCZ016jof/cbN4VW5Yz0=
gopkg.in/yaml.v2 v2.2.2/go.mod h1:hI93XBmqTisBFMUTm0b8Fm+jr3Dg1NNxqwp+5A1VGuI=
